
Microsoft Visual Studio Solution File, Format Version 12.00
# Visual Studio Version 17
VisualStudioVersion = 17.3.32929.385
MinimumVisualStudioVersion = 10.0.40219.1
Project("{FAE04EC0-301F-11D3-BF4B-00C04F79EFBC}") = "Partikan.Xonyagar", "Partikan.Xonyagar\Partikan.Xonyagar.csproj", "{06C47481-148A-4A51-B60B-A4143B42302F}"
EndProject
Global
	GlobalSection(SolutionConfigurationPlatforms) = preSolution
		Debug|Any CPU = Debug|Any CPU
		Release|Any CPU = Release|Any CPU
	EndGlobalSection
	GlobalSection(ProjectConfigurationPlatforms) = postSolution
		{06C47481-148A-4A51-B60B-A4143B42302F}.Debug|Any CPU.ActiveCfg = Debug|Any CPU
		{06C47481-148A-4A51-B60B-A4143B42302F}.Debug|Any CPU.Build.0 = Debug|Any CPU
		{06C47481-148A-4A51-B60B-A4143B42302F}.Release|Any CPU.ActiveCfg = Release|Any CPU
		{06C47481-148A-4A51-B60B-A4143B42302F}.Release|Any CPU.Build.0 = Release|Any CPU
	EndGlobalSection
	GlobalSection(SolutionProperties) = preSolution
		HideSolutionNode = FALSE
	EndGlobalSection
	GlobalSection(ExtensibilityGlobals) = postSolution
		SolutionGuid = {4EBAC694-6017-47F4-B297-22ECA4FE0653}
	EndGlobalSection
EndGlobal
